
Microsoft Visual Studio Solution File, Format Version 12.00
# Visual Studio Version 17
VisualStudioVersion = 17.9.34622.214
MinimumVisualStudioVersion = 10.0.40219.1
Project("{FAE04EC0-301F-11D3-BF4B-00C04F79EFBC}") = "1", "1\1.csproj", "{BBC5228B-79B0-4816-812A-037086BC649A}"
EndProject
Project("{FAE04EC0-301F-11D3-BF4B-00C04F79EFBC}") = "2", "2\2.csproj", "{DFF51454-FE57-43FD-BB71-6D143D95FDA2}"
EndProject
Project("{FAE04EC0-301F-11D3-BF4B-00C04F79EFBC}") = "3", "3\3.csproj", "{7CF33FBC-ED15-4293-85B1-BAF74E1FE66B}"
EndProject
Global
	GlobalSection(SolutionConfigurationPlatforms) = preSolution
		Debug|Any CPU = Debug|Any CPU
		Release|Any CPU = Release|Any CPU
	EndGlobalSection
	GlobalSection(ProjectConfigurationPlatforms) = postSolution
		{BBC5228B-79B0-4816-812A-037086BC649A}.Debug|Any CPU.ActiveCfg = Debug|Any CPU
		{BBC5228B-79B0-4816-812A-037086BC649A}.Debug|Any CPU.Build.0 = Debug|Any CPU
		{BBC5228B-79B0-4816-812A-037086BC649A}.Release|Any CPU.ActiveCfg = Release|Any CPU
		{BBC5228B-79B0-4816-812A-037086BC649A}.Release|Any CPU.Build.0 = Release|Any CPU
		{DFF51454-FE57-43FD-BB71-6D143D95FDA2}.Debug|Any CPU.ActiveCfg = Debug|Any CPU
		{DFF51454-FE57-43FD-BB71-6D143D95FDA2}.Debug|Any CPU.Build.0 = Debug|Any CPU
		{DFF51454-FE57-43FD-BB71-6D143D95FDA2}.Release|Any CPU.ActiveCfg = Release|Any CPU
		{DFF51454-FE57-43FD-BB71-6D143D95FDA2}.Release|Any CPU.Build.0 = Release|Any CPU
		{7CF33FBC-ED15-4293-85B1-BAF74E1FE66B}.Debug|Any CPU.ActiveCfg = Debug|Any CPU
		{7CF33FBC-ED15-4293-85B1-BAF74E1FE66B}.Debug|Any CPU.Build.0 = Debug|Any CPU
		{7CF33FBC-ED15-4293-85B1-BAF74E1FE66B}.Release|Any CPU.ActiveCfg = Release|Any CPU
		{7CF33FBC-ED15-4293-85B1-BAF74E1FE66B}.Release|Any CPU.Build.0 = Release|Any CPU
	EndGlobalSection
	GlobalSection(SolutionProperties) = preSolution
		HideSolutionNode = FALSE
	EndGlobalSection
	GlobalSection(ExtensibilityGlobals) = postSolution
		SolutionGuid = {823D431D-D170-425D-8FC8-FDAE17060F62}
	EndGlobalSection
EndGlobal
